
Microsoft Visual Studio Solution File, Format Version 12.00
# Visual Studio Version 17
VisualStudioVersion = 17.7.34221.43
MinimumVisualStudioVersion = 10.0.40219.1
Project("{FAE04EC0-301F-11D3-BF4B-00C04F79EFBC}") = "HandsONAPIWithDependancy", "HandsONAPIWithDependancy\HandsONAPIWithDependancy.csproj", "{CDCF86CB-E4D5-47DA-A44D-248E28FE742E}"
EndProject
Global
	GlobalSection(SolutionConfigurationPlatforms) = preSolution
		Debug|Any CPU = Debug|Any CPU
		Release|Any CPU = Release|Any CPU
	EndGlobalSection
	GlobalSection(ProjectConfigurationPlatforms) = postSolution
		{CDCF86CB-E4D5-47DA-A44D-248E28FE742E}.Debug|Any CPU.ActiveCfg = Debug|Any CPU
		{CDCF86CB-E4D5-47DA-A44D-248E28FE742E}.Debug|Any CPU.Build.0 = Debug|Any CPU
		{CDCF86CB-E4D5-47DA-A44D-248E28FE742E}.Release|Any CPU.ActiveCfg = Release|Any CPU
		{CDCF86CB-E4D5-47DA-A44D-248E28FE742E}.Release|Any CPU.Build.0 = Release|Any CPU
	EndGlobalSection
	GlobalSection(SolutionProperties) = preSolution
		HideSolutionNode = FALSE
	EndGlobalSection
	GlobalSection(ExtensibilityGlobals) = postSolution
		SolutionGuid = {AD5AE1AF-3631-4493-89F4-F561D14CF901}
	EndGlobalSection
EndGlobal
